
Microsoft Visual Studio Solution File, Format Version 12.00
# Visual Studio Version 17
VisualStudioVersion = 17.8.34309.116
MinimumVisualStudioVersion = 10.0.40219.1
Project("{FAE04EC0-301F-11D3-BF4B-00C04F79EFBC}") = "BCStripeSync", "BCStripeSync\BCStripeSync.csproj", "{4112699D-FCDB-4C49-80AA-DE2BE3FB0FEA}"
EndProject
Project("{9A19103F-16F7-4668-BE54-9A1E7A4F7556}") = "D365BCConnectorAPIGear", "D365BCConnectorAPIGear\D365BCConnectorAPIGear.csproj", "{52B4355A-735A-4632-BA7C-50DEF9068DB4}"
EndProject
Global
	GlobalSection(SolutionConfigurationPlatforms) = preSolution
		Debug|Any CPU = Debug|Any CPU
		Release|Any CPU = Release|Any CPU
	EndGlobalSection
	GlobalSection(ProjectConfigurationPlatforms) = postSolution
		{4112699D-FCDB-4C49-80AA-DE2BE3FB0FEA}.Debug|Any CPU.ActiveCfg = Debug|Any CPU
		{4112699D-FCDB-4C49-80AA-DE2BE3FB0FEA}.Debug|Any CPU.Build.0 = Debug|Any CPU
		{4112699D-FCDB-4C49-80AA-DE2BE3FB0FEA}.Release|Any CPU.ActiveCfg = Release|Any CPU
		{4112699D-FCDB-4C49-80AA-DE2BE3FB0FEA}.Release|Any CPU.Build.0 = Release|Any CPU
		{52B4355A-735A-4632-BA7C-50DEF9068DB4}.Debug|Any CPU.ActiveCfg = Debug|Any CPU
		{52B4355A-735A-4632-BA7C-50DEF9068DB4}.Debug|Any CPU.Build.0 = Debug|Any CPU
		{52B4355A-735A-4632-BA7C-50DEF9068DB4}.Release|Any CPU.ActiveCfg = Release|Any CPU
		{52B4355A-735A-4632-BA7C-50DEF9068DB4}.Release|Any CPU.Build.0 = Release|Any CPU
	EndGlobalSection
	GlobalSection(SolutionProperties) = preSolution
		HideSolutionNode = FALSE
	EndGlobalSection
	GlobalSection(ExtensibilityGlobals) = postSolution
		SolutionGuid = {B169D770-9725-42BE-A12C-B5FDF9D5B007}
	EndGlobalSection
EndGlobal
